
Microsoft Visual Studio Solution File, Format Version 12.00
# Visual Studio Version 17
VisualStudioVersion = 17.9.34728.123
MinimumVisualStudioVersion = 10.0.40219.1
Project("{9A19103F-16F7-4668-BE54-9A1E7A4F7556}") = "RentalOperations", "RentalOperations\RentalOperations.csproj", "{24961225-A06B-4F1C-88DA-93E49178D5AB}"
EndProject
Project("{FAE04EC0-301F-11D3-BF4B-00C04F79EFBC}") = "RentalOperationsTests", "RentalOperationsTests\RentalOperationsTests.csproj", "{E505D330-1A99-429A-965A-7AD125996434}"
EndProject
Global
	GlobalSection(SolutionConfigurationPlatforms) = preSolution
		Debug|Any CPU = Debug|Any CPU
		Release|Any CPU = Release|Any CPU
	EndGlobalSection
	GlobalSection(ProjectConfigurationPlatforms) = postSolution
		{24961225-A06B-4F1C-88DA-93E49178D5AB}.Debug|Any CPU.ActiveCfg = Debug|Any CPU
		{24961225-A06B-4F1C-88DA-93E49178D5AB}.Debug|Any CPU.Build.0 = Debug|Any CPU
		{24961225-A06B-4F1C-88DA-93E49178D5AB}.Release|Any CPU.ActiveCfg = Release|Any CPU
		{24961225-A06B-4F1C-88DA-93E49178D5AB}.Release|Any CPU.Build.0 = Release|Any CPU
		{E505D330-1A99-429A-965A-7AD125996434}.Debug|Any CPU.ActiveCfg = Debug|Any CPU
		{E505D330-1A99-429A-965A-7AD125996434}.Debug|Any CPU.Build.0 = Debug|Any CPU
		{E505D330-1A99-429A-965A-7AD125996434}.Release|Any CPU.ActiveCfg = Release|Any CPU
		{E505D330-1A99-429A-965A-7AD125996434}.Release|Any CPU.Build.0 = Release|Any CPU
	EndGlobalSection
	GlobalSection(SolutionProperties) = preSolution
		HideSolutionNode = FALSE
	EndGlobalSection
	GlobalSection(ExtensibilityGlobals) = postSolution
		SolutionGuid = {0CAA765C-CEA0-4434-BBCA-3C68504F2483}
	EndGlobalSection
EndGlobal
